<?xml version="1.0" encoding="utf-8"?>
<Project ToolsVersion="4.0" xmlns="http://schemas.microsoft.com/developer/msbuild/2003">
  <ItemGroup>
    <ClCompile Include="$(MSBuildThisFileDirectory)Action.cpp">
      <Filter>Game\Actions</Filter>
    </ClCompile>
    <ClCompile Include="$(MSBuildThisFileDirectory)ActionIncrement.cpp">
      <Filter>Game\Actions</Filter>
    </ClCompile>
    <ClCompile Include="$(MSBuildThisFileDirectory)ActionList.cpp">
      <Filter>Game\Actions</Filter>
    </ClCompile>
    <ClCompile Include="$(MSBuildThisFileDirectory)Datum.cpp">
      <Filter>Data</Filter>
    </ClCompile>
    <ClCompile Include="$(MSBuildThisFileDirectory)Attributed.cpp">
      <Filter>Data</Filter>
    </ClCompile>
    <ClCompile Include="$(MSBuildThisFileDirectory)Scope.cpp">
      <Filter>Data</Filter>
    </ClCompile>
    <ClCompile Include="$(MSBuildThisFileDirectory)IJsonParseHelper.cpp">
      <Filter>Parse</Filter>
    </ClCompile>
    <ClCompile Include="$(MSBuildThisFileDirectory)JsonParseCoordinator.cpp">
      <Filter>Parse</Filter>
    </ClCompile>
    <ClCompile Include="$(MSBuildThisFileDirectory)JsonTableParseHelper.cpp">
      <Filter>Parse</Filter>
    </ClCompile>
    <ClCompile Include="$(MSBuildThisFileDirectory)GameClock.cpp">
      <Filter>Game</Filter>
    </ClCompile>
    <ClCompile Include="$(MSBuildThisFileDirectory)GameObject.cpp">
      <Filter>Game</Filter>
    </ClCompile>
    <ClCompile Include="$(MSBuildThisFileDirectory)GameTime.cpp">
      <Filter>Game</Filter>
    </ClCompile>
    <ClCompile Include="$(MSBuildThisFileDirectory)TypeManager.cpp">
      <Filter>Data</Filter>
    </ClCompile>
    <ClCompile Include="$(MSBuildThisFileDirectory)ActionCreateAction.cpp">
      <Filter>Game\Actions</Filter>
    </ClCompile>
    <ClCompile Include="$(MSBuildThisFileDirectory)ActionDestroyAction.cpp">
      <Filter>Game\Actions</Filter>
    </ClCompile>
    <ClCompile Include="$(MSBuildThisFileDirectory)GameState.cpp">
      <Filter>Game</Filter>
    </ClCompile>
    <ClCompile Include="$(MSBuildThisFileDirectory)ActionListForEach.cpp">
      <Filter>Game\Actions</Filter>
    </ClCompile>
    <ClCompile Include="$(MSBuildThisFileDirectory)EventPublisher.cpp">
      <Filter>Game\Event</Filter>
    </ClCompile>
    <ClCompile Include="$(MSBuildThisFileDirectory)EventQueue.cpp">
      <Filter>Game\Event</Filter>
    </ClCompile>
  </ItemGroup>
  <ItemGroup>
    <ClInclude Include="$(MSBuildThisFileDirectory)RTTI.h" />
    <ClInclude Include="$(MSBuildThisFileDirectory)ActionList.h">
      <Filter>Game\Actions</Filter>
    </ClInclude>
    <ClInclude Include="$(MSBuildThisFileDirectory)Action.h">
      <Filter>Game\Actions</Filter>
    </ClInclude>
    <ClInclude Include="$(MSBuildThisFileDirectory)ActionIncrement.h">
      <Filter>Game\Actions</Filter>
    </ClInclude>
    <ClInclude Include="$(MSBuildThisFileDirectory)DefaultHash.h">
      <Filter>Containers</Filter>
    </ClInclude>
    <ClInclude Include="$(MSBuildThisFileDirectory)Hashmap.h">
      <Filter>Containers</Filter>
    </ClInclude>
    <ClInclude Include="$(MSBuildThisFileDirectory)SList.h">
      <Filter>Containers</Filter>
    </ClInclude>
    <ClInclude Include="$(MSBuildThisFileDirectory)Vector.h">
      <Filter>Containers</Filter>
    </ClInclude>
    <ClInclude Include="$(MSBuildThisFileDirectory)Datum.h">
      <Filter>Data</Filter>
    </ClInclude>
    <ClInclude Include="$(MSBuildThisFileDirectory)Attributed.h">
      <Filter>Data</Filter>
    </ClInclude>
    <ClInclude Include="$(MSBuildThisFileDirectory)Scope.h">
      <Filter>Data</Filter>
    </ClInclude>
    <ClInclude Include="$(MSBuildThisFileDirectory)IJsonParseHelper.h">
      <Filter>Parse</Filter>
    </ClInclude>
    <ClInclude Include="$(MSBuildThisFileDirectory)JsonParseCoordinator.h">
      <Filter>Parse</Filter>
    </ClInclude>
    <ClInclude Include="$(MSBuildThisFileDirectory)JsonTableParseHelper.h">
      <Filter>Parse</Filter>
    </ClInclude>
    <ClInclude Include="$(MSBuildThisFileDirectory)GameClock.h">
      <Filter>Game</Filter>
    </ClInclude>
    <ClInclude Include="$(MSBuildThisFileDirectory)GameObject.h">
      <Filter>Game</Filter>
    </ClInclude>
    <ClInclude Include="$(MSBuildThisFileDirectory)GameTime.h">
      <Filter>Game</Filter>
    </ClInclude>
    <ClInclude Include="$(MSBuildThisFileDirectory)TypeManager.h">
      <Filter>Data</Filter>
    </ClInclude>
    <ClInclude Include="$(MSBuildThisFileDirectory)Factory.h">
      <Filter>Parse</Filter>
    </ClInclude>
    <ClInclude Include="$(MSBuildThisFileDirectory)ActionCreateAction.h">
      <Filter>Game\Actions</Filter>
    </ClInclude>
    <ClInclude Include="$(MSBuildThisFileDirectory)ActionDestroyAction.h">
      <Filter>Game\Actions</Filter>
    </ClInclude>
    <ClInclude Include="$(MSBuildThisFileDirectory)GameState.h">
      <Filter>Game</Filter>
    </ClInclude>
    <ClInclude Include="$(MSBuildThisFileDirectory)ActionListForEach.h">
      <Filter>Game\Actions</Filter>
    </ClInclude>
    <ClInclude Include="$(MSBuildThisFileDirectory)EventSubscriber.h">
      <Filter>Game\Event</Filter>
    </ClInclude>
    <ClInclude Include="$(MSBuildThisFileDirectory)EventPublisher.h">
      <Filter>Game\Event</Filter>
    </ClInclude>
    <ClInclude Include="$(MSBuildThisFileDirectory)Event.h">
      <Filter>Game\Event</Filter>
    </ClInclude>
    <ClInclude Include="$(MSBuildThisFileDirectory)EventQueue.h" />
  </ItemGroup>
  <ItemGroup>
    <None Include="$(MSBuildThisFileDirectory)Action.inl">
      <Filter>Game\Actions</Filter>
    </None>
    <None Include="$(MSBuildThisFileDirectory)Hashmap.inl">
      <Filter>Containers</Filter>
    </None>
    <None Include="$(MSBuildThisFileDirectory)SList.inl">
      <Filter>Containers</Filter>
    </None>
    <None Include="$(MSBuildThisFileDirectory)Vector.inl">
      <Filter>Containers</Filter>
    </None>
    <None Include="$(MSBuildThisFileDirectory)Datum.inl">
      <Filter>Data</Filter>
    </None>
    <None Include="$(MSBuildThisFileDirectory)Attributed.inl">
      <Filter>Data</Filter>
    </None>
    <None Include="$(MSBuildThisFileDirectory)Scope.inl">
      <Filter>Data</Filter>
    </None>
    <None Include="$(MSBuildThisFileDirectory)JsonParseCoordinator.inl">
      <Filter>Parse</Filter>
    </None>
    <None Include="$(MSBuildThisFileDirectory)TypeManager.inl">
      <Filter>Data</Filter>
    </None>
    <None Include="$(MSBuildThisFileDirectory)Factory.inl">
      <Filter>Parse</Filter>
    </None>
    <None Include="$(MSBuildThisFileDirectory)Event.inl">
      <Filter>Game\Event</Filter>
    </None>
  </ItemGroup>
  <ItemGroup>
    <Filter Include="Containers">
      <UniqueIdentifier>{367abb0f-48cc-479d-a546-aafade8e3565}</UniqueIdentifier>
    </Filter>
    <Filter Include="Data">
      <UniqueIdentifier>{7e66afca-369c-451b-ad7c-a01d51bb3e09}</UniqueIdentifier>
    </Filter>
    <Filter Include="Parse">
      <UniqueIdentifier>{6a118eb2-238c-4eca-8807-46ad8fd099bf}</UniqueIdentifier>
    </Filter>
    <Filter Include="Game">
      <UniqueIdentifier>{07ac9195-a2d8-439f-82e7-54bf38ca5e6a}</UniqueIdentifier>
    </Filter>
    <Filter Include="Game\Actions">
      <UniqueIdentifier>{bfdd4a21-6339-455c-94bd-a8997ad5f52d}</UniqueIdentifier>
    </Filter>
    <Filter Include="Game\Event">
      <UniqueIdentifier>{58e77afc-f981-48c6-93db-8d910bb82374}</UniqueIdentifier>
    </Filter>
  </ItemGroup>
</Project>